
Microsoft Visual Studio Solution File, Format Version 12.00
# Visual Studio Version 16
VisualStudioVersion = 16.0.31624.102
MinimumVisualStudioVersion = 10.0.40219.1
Project("{FAE04EC0-301F-11D3-BF4B-00C04F79EFBC}") = "webapp-appservice1", "webapp-appservice1.csproj", "{A8D663E1-0518-40D8-B64B-05F25338EB2B}"
EndProject
Global
	GlobalSection(SolutionConfigurationPlatforms) = preSolution
		Debug|Any CPU = Debug|Any CPU
		Release|Any CPU = Release|Any CPU
	EndGlobalSection
	GlobalSection(ProjectConfigurationPlatforms) = postSolution
		{A8D663E1-0518-40D8-B64B-05F25338EB2B}.Debug|Any CPU.ActiveCfg = Debug|Any CPU
		{A8D663E1-0518-40D8-B64B-05F25338EB2B}.Debug|Any CPU.Build.0 = Debug|Any CPU
		{A8D663E1-0518-40D8-B64B-05F25338EB2B}.Release|Any CPU.ActiveCfg = Release|Any CPU
		{A8D663E1-0518-40D8-B64B-05F25338EB2B}.Release|Any CPU.Build.0 = Release|Any CPU
	EndGlobalSection
	GlobalSection(SolutionProperties) = preSolution
		HideSolutionNode = FALSE
	EndGlobalSection
	GlobalSection(ExtensibilityGlobals) = postSolution
		SolutionGuid = {67D9F14F-7419-43E8-96C0-B9E18ADD30A4}
	EndGlobalSection
EndGlobal
